
Microsoft Visual Studio Solution File, Format Version 12.00
# Visual Studio Version 17
VisualStudioVersion = 17.12.35527.113
MinimumVisualStudioVersion = 10.0.40219.1
Project("{2150E333-8FDC-42A3-9474-1A3956D46DE8}") = "WinForms", "WinForms", "{2196FF34-E6CA-1178-A4A8-C35FB22CF3D4}"
EndProject
Project("{FAE04EC0-301F-11D3-BF4B-00C04F79EFBC}") = "modern-ss-pc-client", "WinForms\modern-ss-pc-client.csproj", "{79ED7BE9-87DE-4BC3-84F6-4F446CE129D0}"
EndProject
Project("{FAE04EC0-301F-11D3-BF4B-00C04F79EFBC}") = "AvaloniaClient", "AvaloniaClient\AvaloniaClient.csproj", "{55510F64-0815-4195-94F6-47AF3A346783}"
EndProject
Global
	GlobalSection(SolutionConfigurationPlatforms) = preSolution
		Debug|Any CPU = Debug|Any CPU
		Debug|x64 = Debug|x64
		Debug|x86 = Debug|x86
		Release|Any CPU = Release|Any CPU
		Release|x64 = Release|x64
		Release|x86 = Release|x86
	EndGlobalSection
	GlobalSection(ProjectConfigurationPlatforms) = postSolution
		{79ED7BE9-87DE-4BC3-84F6-4F446CE129D0}.Debug|Any CPU.ActiveCfg = Debug|Any CPU
		{79ED7BE9-87DE-4BC3-84F6-4F446CE129D0}.Debug|Any CPU.Build.0 = Debug|Any CPU
		{79ED7BE9-87DE-4BC3-84F6-4F446CE129D0}.Debug|x64.ActiveCfg = Debug|Any CPU
		{79ED7BE9-87DE-4BC3-84F6-4F446CE129D0}.Debug|x64.Build.0 = Debug|Any CPU
		{79ED7BE9-87DE-4BC3-84F6-4F446CE129D0}.Debug|x86.ActiveCfg = Debug|Any CPU
		{79ED7BE9-87DE-4BC3-84F6-4F446CE129D0}.Debug|x86.Build.0 = Debug|Any CPU
		{79ED7BE9-87DE-4BC3-84F6-4F446CE129D0}.Release|Any CPU.ActiveCfg = Release|Any CPU
		{79ED7BE9-87DE-4BC3-84F6-4F446CE129D0}.Release|Any CPU.Build.0 = Release|Any CPU
		{79ED7BE9-87DE-4BC3-84F6-4F446CE129D0}.Release|x64.ActiveCfg = Release|Any CPU
		{79ED7BE9-87DE-4BC3-84F6-4F446CE129D0}.Release|x64.Build.0 = Release|Any CPU
		{79ED7BE9-87DE-4BC3-84F6-4F446CE129D0}.Release|x86.ActiveCfg = Release|Any CPU
		{79ED7BE9-87DE-4BC3-84F6-4F446CE129D0}.Release|x86.Build.0 = Release|Any CPU
		{55510F64-0815-4195-94F6-47AF3A346783}.Debug|Any CPU.ActiveCfg = Debug|Any CPU
		{55510F64-0815-4195-94F6-47AF3A346783}.Debug|Any CPU.Build.0 = Debug|Any CPU
		{55510F64-0815-4195-94F6-47AF3A346783}.Debug|x64.ActiveCfg = Debug|Any CPU
		{55510F64-0815-4195-94F6-47AF3A346783}.Debug|x64.Build.0 = Debug|Any CPU
		{55510F64-0815-4195-94F6-47AF3A346783}.Debug|x86.ActiveCfg = Debug|Any CPU
		{55510F64-0815-4195-94F6-47AF3A346783}.Debug|x86.Build.0 = Debug|Any CPU
		{55510F64-0815-4195-94F6-47AF3A346783}.Release|Any CPU.ActiveCfg = Release|Any CPU
		{55510F64-0815-4195-94F6-47AF3A346783}.Release|Any CPU.Build.0 = Release|Any CPU
		{55510F64-0815-4195-94F6-47AF3A346783}.Release|x64.ActiveCfg = Release|Any CPU
		{55510F64-0815-4195-94F6-47AF3A346783}.Release|x64.Build.0 = Release|Any CPU
		{55510F64-0815-4195-94F6-47AF3A346783}.Release|x86.ActiveCfg = Release|Any CPU
		{55510F64-0815-4195-94F6-47AF3A346783}.Release|x86.Build.0 = Release|Any CPU
	EndGlobalSection
	GlobalSection(SolutionProperties) = preSolution
		HideSolutionNode = FALSE
	EndGlobalSection
	GlobalSection(NestedProjects) = preSolution
		{79ED7BE9-87DE-4BC3-84F6-4F446CE129D0} = {2196FF34-E6CA-1178-A4A8-C35FB22CF3D4}
	EndGlobalSection
EndGlobal
